
Microsoft Visual Studio Solution File, Format Version 12.00
# Visual Studio 14
VisualStudioVersion = 14.0.23107.0
MinimumVisualStudioVersion = 10.0.40219.1
Project("{FAE04EC0-301F-11D3-BF4B-00C04F79EFBC}") = "Build", "psake\Build.csproj", "{D6415540-29B5-4D0D-AA3C-8C4F1EC1B2C0}"
EndProject
Project("{FAE04EC0-301F-11D3-BF4B-00C04F79EFBC}") = "WebApplication", "WebApplication\WebApplication.csproj", "{394FE480-5ABF-4056-9AA2-4CC963B651C8}"
EndProject
Project("{FAE04EC0-301F-11D3-BF4B-00C04F79EFBC}") = "WebApplication.Tests", "WebApplication.Tests\WebApplication.Tests.csproj", "{28702879-2E1E-4F18-9827-469F94B3B500}"
EndProject
Project("{FAE04EC0-301F-11D3-BF4B-00C04F79EFBC}") = "ConsoleApplication", "ConsoleApplication\ConsoleApplication.csproj", "{BE40E4BA-7A7E-436A-8B55-72C176B64C57}"
EndProject
Project("{FAE04EC0-301F-11D3-BF4B-00C04F79EFBC}") = "ClassLibrary", "ClassLibrary\ClassLibrary.csproj", "{33D36C55-0382-420E-8124-1351D7B8FD2A}"
EndProject
Global
	GlobalSection(SolutionConfigurationPlatforms) = preSolution
		Debug|Any CPU = Debug|Any CPU
		Release|Any CPU = Release|Any CPU
	EndGlobalSection
	GlobalSection(ProjectConfigurationPlatforms) = postSolution
		{D6415540-29B5-4D0D-AA3C-8C4F1EC1B2C0}.Debug|Any CPU.ActiveCfg = Debug|Any CPU
		{D6415540-29B5-4D0D-AA3C-8C4F1EC1B2C0}.Debug|Any CPU.Build.0 = Debug|Any CPU
		{D6415540-29B5-4D0D-AA3C-8C4F1EC1B2C0}.Release|Any CPU.ActiveCfg = Release|Any CPU
		{D6415540-29B5-4D0D-AA3C-8C4F1EC1B2C0}.Release|Any CPU.Build.0 = Release|Any CPU
		{394FE480-5ABF-4056-9AA2-4CC963B651C8}.Debug|Any CPU.ActiveCfg = Debug|Any CPU
		{394FE480-5ABF-4056-9AA2-4CC963B651C8}.Debug|Any CPU.Build.0 = Debug|Any CPU
		{394FE480-5ABF-4056-9AA2-4CC963B651C8}.Release|Any CPU.ActiveCfg = Release|Any CPU
		{394FE480-5ABF-4056-9AA2-4CC963B651C8}.Release|Any CPU.Build.0 = Release|Any CPU
		{28702879-2E1E-4F18-9827-469F94B3B500}.Debug|Any CPU.ActiveCfg = Debug|Any CPU
		{28702879-2E1E-4F18-9827-469F94B3B500}.Debug|Any CPU.Build.0 = Debug|Any CPU
		{28702879-2E1E-4F18-9827-469F94B3B500}.Release|Any CPU.ActiveCfg = Release|Any CPU
		{28702879-2E1E-4F18-9827-469F94B3B500}.Release|Any CPU.Build.0 = Release|Any CPU
		{BE40E4BA-7A7E-436A-8B55-72C176B64C57}.Debug|Any CPU.ActiveCfg = Debug|Any CPU
		{BE40E4BA-7A7E-436A-8B55-72C176B64C57}.Debug|Any CPU.Build.0 = Debug|Any CPU
		{BE40E4BA-7A7E-436A-8B55-72C176B64C57}.Release|Any CPU.ActiveCfg = Release|Any CPU
		{BE40E4BA-7A7E-436A-8B55-72C176B64C57}.Release|Any CPU.Build.0 = Release|Any CPU
		{33D36C55-0382-420E-8124-1351D7B8FD2A}.Debug|Any CPU.ActiveCfg = Debug|Any CPU
		{33D36C55-0382-420E-8124-1351D7B8FD2A}.Debug|Any CPU.Build.0 = Debug|Any CPU
		{33D36C55-0382-420E-8124-1351D7B8FD2A}.Release|Any CPU.ActiveCfg = Release|Any CPU
		{33D36C55-0382-420E-8124-1351D7B8FD2A}.Release|Any CPU.Build.0 = Release|Any CPU
	EndGlobalSection
	GlobalSection(SolutionProperties) = preSolution
		HideSolutionNode = FALSE
	EndGlobalSection
EndGlobal
